
Microsoft Visual Studio Solution File, Format Version 12.00
# Visual Studio Version 17
VisualStudioVersion = 17.7.34202.233
MinimumVisualStudioVersion = 10.0.40219.1
Project("{FAE04EC0-301F-11D3-BF4B-00C04F79EFBC}") = "wf_hw_one", "wf_hw_one.csproj", "{C4D0E58F-46BF-46D5-9658-3B4F0555D755}"
EndProject
Global
	GlobalSection(SolutionConfigurationPlatforms) = preSolution
		Debug|Any CPU = Debug|Any CPU
		Release|Any CPU = Release|Any CPU
	EndGlobalSection
	GlobalSection(ProjectConfigurationPlatforms) = postSolution
		{C4D0E58F-46BF-46D5-9658-3B4F0555D755}.Debug|Any CPU.ActiveCfg = Debug|Any CPU
		{C4D0E58F-46BF-46D5-9658-3B4F0555D755}.Debug|Any CPU.Build.0 = Debug|Any CPU
		{C4D0E58F-46BF-46D5-9658-3B4F0555D755}.Release|Any CPU.ActiveCfg = Release|Any CPU
		{C4D0E58F-46BF-46D5-9658-3B4F0555D755}.Release|Any CPU.Build.0 = Release|Any CPU
	EndGlobalSection
	GlobalSection(SolutionProperties) = preSolution
		HideSolutionNode = FALSE
	EndGlobalSection
	GlobalSection(ExtensibilityGlobals) = postSolution
		SolutionGuid = {4FC28B41-DFF0-44FF-ACAD-C38FB733CFF5}
	EndGlobalSection
EndGlobal
